
Microsoft Visual Studio Solution File, Format Version 12.00
# Visual Studio Version 17
VisualStudioVersion = 17.5.002.0
MinimumVisualStudioVersion = 10.0.40219.1
Project("{9A19103F-16F7-4668-BE54-9A1E7A4F7556}") = "AeroSystem", "AeroSystem.csproj", "{416241A8-DD38-4F29-9793-022134921AC8}"
EndProject
Global
	GlobalSection(SolutionConfigurationPlatforms) = preSolution
		Debug|Any CPU = Debug|Any CPU
		Release|Any CPU = Release|Any CPU
	EndGlobalSection
	GlobalSection(ProjectConfigurationPlatforms) = postSolution
		{416241A8-DD38-4F29-9793-022134921AC8}.Debug|Any CPU.ActiveCfg = Debug|Any CPU
		{416241A8-DD38-4F29-9793-022134921AC8}.Debug|Any CPU.Build.0 = Debug|Any CPU
		{416241A8-DD38-4F29-9793-022134921AC8}.Release|Any CPU.ActiveCfg = Release|Any CPU
		{416241A8-DD38-4F29-9793-022134921AC8}.Release|Any CPU.Build.0 = Release|Any CPU
	EndGlobalSection
	GlobalSection(SolutionProperties) = preSolution
		HideSolutionNode = FALSE
	EndGlobalSection
	GlobalSection(ExtensibilityGlobals) = postSolution
		SolutionGuid = {C8224B44-0F9D-4325-886E-94CD446561E7}
	EndGlobalSection
EndGlobal
